
Microsoft Visual Studio Solution File, Format Version 12.00
# Visual Studio Version 17
VisualStudioVersion = 17.0.31903.59
MinimumVisualStudioVersion = 10.0.40219.1
Project("{2150E333-8FDC-42A3-9474-1A3956D46DE8}") = "src", "src", "{835D4F72-68C5-47AD-9EB4-3CD58F19EB44}"
EndProject
Project("{2150E333-8FDC-42A3-9474-1A3956D46DE8}") = "Si.Infrastructure", "Si.Infrastructure", "{BD7FA176-A759-42F5-A31F-AA5443CCE911}"
EndProject
Project("{2150E333-8FDC-42A3-9474-1A3956D46DE8}") = "Infrastructure", "Infrastructure", "{8479376E-B22C-45B6-986E-1408BE2D108B}"
EndProject
Project("{2150E333-8FDC-42A3-9474-1A3956D46DE8}") = "Api.Module", "Api.Module", "{C5E8167D-E61A-45D8-9632-5B35CF286C4B}"
EndProject
Project("{9A19103F-16F7-4668-BE54-9A1E7A4F7556}") = "Si.Framework.Base", "Si.Framework.Base\Si.Framework.Base.csproj", "{55D2BFC9-E3F8-420D-8C48-1F7305634B65}"
EndProject
Project("{9A19103F-16F7-4668-BE54-9A1E7A4F7556}") = "Si.Framework.SqlSugar", "Si.Framework.SqlSugar\Si.Framework.SqlSugar.csproj", "{1711F355-E1D8-427D-AB8D-52FD483728AD}"
EndProject
Project("{9A19103F-16F7-4668-BE54-9A1E7A4F7556}") = "Si.Framework.MemoryCache", "Si.Framework.MemoryCache\Si.Framework.MemoryCache.csproj", "{DABE92AC-E289-44C6-B7C8-75509D82864A}"
EndProject
Project("{9A19103F-16F7-4668-BE54-9A1E7A4F7556}") = "Si.Framework.EntityFramework", "Si.Framework.EntityFramework\Si.Framework.EntityFramework.csproj", "{FC1C87A8-33E0-48B2-AF2A-8A9B9E16A2DB}"
EndProject
Project("{9A19103F-16F7-4668-BE54-9A1E7A4F7556}") = "Si.Framework.MailToolKit", "Si.Framework.MailToolKit\Si.Framework.MailToolKit.csproj", "{B7D2286C-A8E4-436A-8483-E15677DCB3E7}"
EndProject
Project("{9A19103F-16F7-4668-BE54-9A1E7A4F7556}") = "Si.Framework.DDDComm", "Si.Framework.DDDComm\Si.Framework.DDDComm.csproj", "{1CF30991-9F70-4C35-BB1B-4CEA4B1EA930}"
EndProject
Project("{9A19103F-16F7-4668-BE54-9A1E7A4F7556}") = "Si.Framework.Captcha", "Si.Framework.Captcha\Si.Framework.Captcha.csproj", "{1D92F832-5E64-4E0A-BD80-54D5A4D44A07}"
EndProject
Project("{9A19103F-16F7-4668-BE54-9A1E7A4F7556}") = "Si.Api.Core", "Si.Api.Core\Si.Api.Core.csproj", "{AA59F7A4-D676-4D56-BC72-112E5D1CE0F7}"
EndProject
Project("{2150E333-8FDC-42A3-9474-1A3956D46DE8}") = "Application", "Application", "{69AF1EF3-1E25-4E92-98AD-C96B123E8465}"
EndProject
Project("{9A19103F-16F7-4668-BE54-9A1E7A4F7556}") = "Blog.Application", "Blog.Application\Blog.Application.csproj", "{EA88195B-BA6E-498F-B01C-64A185135BD3}"
EndProject
Project("{9A19103F-16F7-4668-BE54-9A1E7A4F7556}") = "Blog.Application.Contracts", "Blog.Application.Contracts\Blog.Application.Contracts.csproj", "{158D3F39-3A58-4D81-88BD-640F607093AD}"
EndProject
Project("{9A19103F-16F7-4668-BE54-9A1E7A4F7556}") = "Blog.Application.Domain", "Blog.Application.Domain\Blog.Application.Domain.csproj", "{5F204530-C6B8-41F9-8E61-25FE4A7BA536}"
EndProject
Project("{9A19103F-16F7-4668-BE54-9A1E7A4F7556}") = "Blog.Application.Shared", "Blog.Application.Shared\Blog.Application.Shared.csproj", "{4B2492B3-6903-46F6-BD21-2D97D06AB522}"
EndProject
Project("{9A19103F-16F7-4668-BE54-9A1E7A4F7556}") = "Blog.Application.WebApi", "Blog.Application.WebApi\Blog.Application.WebApi.csproj", "{1A99BEB1-6268-4147-ADE8-DD1144D865A8}"
EndProject
Project("{9A19103F-16F7-4668-BE54-9A1E7A4F7556}") = "Blog.Infrastructure.Base", "Blog.Infrastructure.Base\Blog.Infrastructure.Base.csproj", "{88CB72ED-54D9-4FF5-A932-2F23A5140589}"
EndProject
Project("{9A19103F-16F7-4668-BE54-9A1E7A4F7556}") = "Si.Framework.Rbac", "Si.Framework.Rbac\Si.Framework.Rbac.csproj", "{DA33FA7C-CF89-4124-ADC3-5EF90DC72E4D}"
EndProject
Project("{9A19103F-16F7-4668-BE54-9A1E7A4F7556}") = "Blog.Infrastructure.Security", "Blog.infrastructure.Security\Blog.Infrastructure.Security.csproj", "{A15E1F76-7DD3-4F4C-A389-34545896C5B2}"
EndProject
Project("{9A19103F-16F7-4668-BE54-9A1E7A4F7556}") = "Si.Framework.AutoMapper", "Si.Framework.AutoMapper\Si.Framework.AutoMapper.csproj", "{598BD3C4-71D2-442A-8629-12A5F9EF9047}"
EndProject
Project("{9A19103F-16F7-4668-BE54-9A1E7A4F7556}") = "Si.Framework.Serilog", "Si.Framework.Serilog\Si.Framework.Serilog.csproj", "{3CC3AC6A-3FC9-48D8-AC04-3A643FFD9887}"
EndProject
Project("{FAE04EC0-301F-11D3-BF4B-00C04F79EFBC}") = "Console", "Console\Console.csproj", "{F6D0D1F2-6035-424A-AD1D-45A7A99B4F0C}"
EndProject
Global
	GlobalSection(SolutionConfigurationPlatforms) = preSolution
		Debug|Any CPU = Debug|Any CPU
		Release|Any CPU = Release|Any CPU
	EndGlobalSection
	GlobalSection(ProjectConfigurationPlatforms) = postSolution
		{55D2BFC9-E3F8-420D-8C48-1F7305634B65}.Debug|Any CPU.ActiveCfg = Debug|Any CPU
		{55D2BFC9-E3F8-420D-8C48-1F7305634B65}.Debug|Any CPU.Build.0 = Debug|Any CPU
		{55D2BFC9-E3F8-420D-8C48-1F7305634B65}.Release|Any CPU.ActiveCfg = Release|Any CPU
		{55D2BFC9-E3F8-420D-8C48-1F7305634B65}.Release|Any CPU.Build.0 = Release|Any CPU
		{1711F355-E1D8-427D-AB8D-52FD483728AD}.Debug|Any CPU.ActiveCfg = Debug|Any CPU
		{1711F355-E1D8-427D-AB8D-52FD483728AD}.Debug|Any CPU.Build.0 = Debug|Any CPU
		{1711F355-E1D8-427D-AB8D-52FD483728AD}.Release|Any CPU.ActiveCfg = Release|Any CPU
		{1711F355-E1D8-427D-AB8D-52FD483728AD}.Release|Any CPU.Build.0 = Release|Any CPU
		{DABE92AC-E289-44C6-B7C8-75509D82864A}.Debug|Any CPU.ActiveCfg = Debug|Any CPU
		{DABE92AC-E289-44C6-B7C8-75509D82864A}.Debug|Any CPU.Build.0 = Debug|Any CPU
		{DABE92AC-E289-44C6-B7C8-75509D82864A}.Release|Any CPU.ActiveCfg = Release|Any CPU
		{DABE92AC-E289-44C6-B7C8-75509D82864A}.Release|Any CPU.Build.0 = Release|Any CPU
		{FC1C87A8-33E0-48B2-AF2A-8A9B9E16A2DB}.Debug|Any CPU.ActiveCfg = Debug|Any CPU
		{FC1C87A8-33E0-48B2-AF2A-8A9B9E16A2DB}.Debug|Any CPU.Build.0 = Debug|Any CPU
		{FC1C87A8-33E0-48B2-AF2A-8A9B9E16A2DB}.Release|Any CPU.ActiveCfg = Release|Any CPU
		{FC1C87A8-33E0-48B2-AF2A-8A9B9E16A2DB}.Release|Any CPU.Build.0 = Release|Any CPU
		{B7D2286C-A8E4-436A-8483-E15677DCB3E7}.Debug|Any CPU.ActiveCfg = Debug|Any CPU
		{B7D2286C-A8E4-436A-8483-E15677DCB3E7}.Debug|Any CPU.Build.0 = Debug|Any CPU
		{B7D2286C-A8E4-436A-8483-E15677DCB3E7}.Release|Any CPU.ActiveCfg = Release|Any CPU
		{B7D2286C-A8E4-436A-8483-E15677DCB3E7}.Release|Any CPU.Build.0 = Release|Any CPU
		{1CF30991-9F70-4C35-BB1B-4CEA4B1EA930}.Debug|Any CPU.ActiveCfg = Debug|Any CPU
		{1CF30991-9F70-4C35-BB1B-4CEA4B1EA930}.Debug|Any CPU.Build.0 = Debug|Any CPU
		{1CF30991-9F70-4C35-BB1B-4CEA4B1EA930}.Release|Any CPU.ActiveCfg = Release|Any CPU
		{1CF30991-9F70-4C35-BB1B-4CEA4B1EA930}.Release|Any CPU.Build.0 = Release|Any CPU
		{1D92F832-5E64-4E0A-BD80-54D5A4D44A07}.Debug|Any CPU.ActiveCfg = Debug|Any CPU
		{1D92F832-5E64-4E0A-BD80-54D5A4D44A07}.Debug|Any CPU.Build.0 = Debug|Any CPU
		{1D92F832-5E64-4E0A-BD80-54D5A4D44A07}.Release|Any CPU.ActiveCfg = Release|Any CPU
		{1D92F832-5E64-4E0A-BD80-54D5A4D44A07}.Release|Any CPU.Build.0 = Release|Any CPU
		{AA59F7A4-D676-4D56-BC72-112E5D1CE0F7}.Debug|Any CPU.ActiveCfg = Debug|Any CPU
		{AA59F7A4-D676-4D56-BC72-112E5D1CE0F7}.Debug|Any CPU.Build.0 = Debug|Any CPU
		{AA59F7A4-D676-4D56-BC72-112E5D1CE0F7}.Release|Any CPU.ActiveCfg = Release|Any CPU
		{AA59F7A4-D676-4D56-BC72-112E5D1CE0F7}.Release|Any CPU.Build.0 = Release|Any CPU
		{EA88195B-BA6E-498F-B01C-64A185135BD3}.Debug|Any CPU.ActiveCfg = Debug|Any CPU
		{EA88195B-BA6E-498F-B01C-64A185135BD3}.Debug|Any CPU.Build.0 = Debug|Any CPU
		{EA88195B-BA6E-498F-B01C-64A185135BD3}.Release|Any CPU.ActiveCfg = Release|Any CPU
		{EA88195B-BA6E-498F-B01C-64A185135BD3}.Release|Any CPU.Build.0 = Release|Any CPU
		{158D3F39-3A58-4D81-88BD-640F607093AD}.Debug|Any CPU.ActiveCfg = Debug|Any CPU
		{158D3F39-3A58-4D81-88BD-640F607093AD}.Debug|Any CPU.Build.0 = Debug|Any CPU
		{158D3F39-3A58-4D81-88BD-640F607093AD}.Release|Any CPU.ActiveCfg = Release|Any CPU
		{158D3F39-3A58-4D81-88BD-640F607093AD}.Release|Any CPU.Build.0 = Release|Any CPU
		{5F204530-C6B8-41F9-8E61-25FE4A7BA536}.Debug|Any CPU.ActiveCfg = Debug|Any CPU
		{5F204530-C6B8-41F9-8E61-25FE4A7BA536}.Debug|Any CPU.Build.0 = Debug|Any CPU
		{5F204530-C6B8-41F9-8E61-25FE4A7BA536}.Release|Any CPU.ActiveCfg = Release|Any CPU
		{5F204530-C6B8-41F9-8E61-25FE4A7BA536}.Release|Any CPU.Build.0 = Release|Any CPU
		{4B2492B3-6903-46F6-BD21-2D97D06AB522}.Debug|Any CPU.ActiveCfg = Debug|Any CPU
		{4B2492B3-6903-46F6-BD21-2D97D06AB522}.Debug|Any CPU.Build.0 = Debug|Any CPU
		{4B2492B3-6903-46F6-BD21-2D97D06AB522}.Release|Any CPU.ActiveCfg = Release|Any CPU
		{4B2492B3-6903-46F6-BD21-2D97D06AB522}.Release|Any CPU.Build.0 = Release|Any CPU
		{1A99BEB1-6268-4147-ADE8-DD1144D865A8}.Debug|Any CPU.ActiveCfg = Debug|Any CPU
		{1A99BEB1-6268-4147-ADE8-DD1144D865A8}.Debug|Any CPU.Build.0 = Debug|Any CPU
		{1A99BEB1-6268-4147-ADE8-DD1144D865A8}.Release|Any CPU.ActiveCfg = Release|Any CPU
		{1A99BEB1-6268-4147-ADE8-DD1144D865A8}.Release|Any CPU.Build.0 = Release|Any CPU
		{88CB72ED-54D9-4FF5-A932-2F23A5140589}.Debug|Any CPU.ActiveCfg = Debug|Any CPU
		{88CB72ED-54D9-4FF5-A932-2F23A5140589}.Debug|Any CPU.Build.0 = Debug|Any CPU
		{88CB72ED-54D9-4FF5-A932-2F23A5140589}.Release|Any CPU.ActiveCfg = Release|Any CPU
		{88CB72ED-54D9-4FF5-A932-2F23A5140589}.Release|Any CPU.Build.0 = Release|Any CPU
		{DA33FA7C-CF89-4124-ADC3-5EF90DC72E4D}.Debug|Any CPU.ActiveCfg = Debug|Any CPU
		{DA33FA7C-CF89-4124-ADC3-5EF90DC72E4D}.Debug|Any CPU.Build.0 = Debug|Any CPU
		{DA33FA7C-CF89-4124-ADC3-5EF90DC72E4D}.Release|Any CPU.ActiveCfg = Release|Any CPU
		{DA33FA7C-CF89-4124-ADC3-5EF90DC72E4D}.Release|Any CPU.Build.0 = Release|Any CPU
		{A15E1F76-7DD3-4F4C-A389-34545896C5B2}.Debug|Any CPU.ActiveCfg = Debug|Any CPU
		{A15E1F76-7DD3-4F4C-A389-34545896C5B2}.Debug|Any CPU.Build.0 = Debug|Any CPU
		{A15E1F76-7DD3-4F4C-A389-34545896C5B2}.Release|Any CPU.ActiveCfg = Release|Any CPU
		{A15E1F76-7DD3-4F4C-A389-34545896C5B2}.Release|Any CPU.Build.0 = Release|Any CPU
		{598BD3C4-71D2-442A-8629-12A5F9EF9047}.Debug|Any CPU.ActiveCfg = Debug|Any CPU
		{598BD3C4-71D2-442A-8629-12A5F9EF9047}.Debug|Any CPU.Build.0 = Debug|Any CPU
		{598BD3C4-71D2-442A-8629-12A5F9EF9047}.Release|Any CPU.ActiveCfg = Release|Any CPU
		{598BD3C4-71D2-442A-8629-12A5F9EF9047}.Release|Any CPU.Build.0 = Release|Any CPU
		{3CC3AC6A-3FC9-48D8-AC04-3A643FFD9887}.Debug|Any CPU.ActiveCfg = Debug|Any CPU
		{3CC3AC6A-3FC9-48D8-AC04-3A643FFD9887}.Debug|Any CPU.Build.0 = Debug|Any CPU
		{3CC3AC6A-3FC9-48D8-AC04-3A643FFD9887}.Release|Any CPU.ActiveCfg = Release|Any CPU
		{3CC3AC6A-3FC9-48D8-AC04-3A643FFD9887}.Release|Any CPU.Build.0 = Release|Any CPU
		{F6D0D1F2-6035-424A-AD1D-45A7A99B4F0C}.Debug|Any CPU.ActiveCfg = Debug|Any CPU
		{F6D0D1F2-6035-424A-AD1D-45A7A99B4F0C}.Debug|Any CPU.Build.0 = Debug|Any CPU
		{F6D0D1F2-6035-424A-AD1D-45A7A99B4F0C}.Release|Any CPU.ActiveCfg = Release|Any CPU
		{F6D0D1F2-6035-424A-AD1D-45A7A99B4F0C}.Release|Any CPU.Build.0 = Release|Any CPU
	EndGlobalSection
	GlobalSection(SolutionProperties) = preSolution
		HideSolutionNode = FALSE
	EndGlobalSection
	GlobalSection(NestedProjects) = preSolution
		{8479376E-B22C-45B6-986E-1408BE2D108B} = {835D4F72-68C5-47AD-9EB4-3CD58F19EB44}
		{55D2BFC9-E3F8-420D-8C48-1F7305634B65} = {BD7FA176-A759-42F5-A31F-AA5443CCE911}
		{1711F355-E1D8-427D-AB8D-52FD483728AD} = {BD7FA176-A759-42F5-A31F-AA5443CCE911}
		{DABE92AC-E289-44C6-B7C8-75509D82864A} = {BD7FA176-A759-42F5-A31F-AA5443CCE911}
		{FC1C87A8-33E0-48B2-AF2A-8A9B9E16A2DB} = {BD7FA176-A759-42F5-A31F-AA5443CCE911}
		{B7D2286C-A8E4-436A-8483-E15677DCB3E7} = {BD7FA176-A759-42F5-A31F-AA5443CCE911}
		{1CF30991-9F70-4C35-BB1B-4CEA4B1EA930} = {BD7FA176-A759-42F5-A31F-AA5443CCE911}
		{1D92F832-5E64-4E0A-BD80-54D5A4D44A07} = {BD7FA176-A759-42F5-A31F-AA5443CCE911}
		{AA59F7A4-D676-4D56-BC72-112E5D1CE0F7} = {C5E8167D-E61A-45D8-9632-5B35CF286C4B}
		{69AF1EF3-1E25-4E92-98AD-C96B123E8465} = {835D4F72-68C5-47AD-9EB4-3CD58F19EB44}
		{EA88195B-BA6E-498F-B01C-64A185135BD3} = {69AF1EF3-1E25-4E92-98AD-C96B123E8465}
		{158D3F39-3A58-4D81-88BD-640F607093AD} = {69AF1EF3-1E25-4E92-98AD-C96B123E8465}
		{5F204530-C6B8-41F9-8E61-25FE4A7BA536} = {69AF1EF3-1E25-4E92-98AD-C96B123E8465}
		{4B2492B3-6903-46F6-BD21-2D97D06AB522} = {69AF1EF3-1E25-4E92-98AD-C96B123E8465}
		{1A99BEB1-6268-4147-ADE8-DD1144D865A8} = {69AF1EF3-1E25-4E92-98AD-C96B123E8465}
		{88CB72ED-54D9-4FF5-A932-2F23A5140589} = {8479376E-B22C-45B6-986E-1408BE2D108B}
		{DA33FA7C-CF89-4124-ADC3-5EF90DC72E4D} = {BD7FA176-A759-42F5-A31F-AA5443CCE911}
		{A15E1F76-7DD3-4F4C-A389-34545896C5B2} = {8479376E-B22C-45B6-986E-1408BE2D108B}
		{598BD3C4-71D2-442A-8629-12A5F9EF9047} = {BD7FA176-A759-42F5-A31F-AA5443CCE911}
		{3CC3AC6A-3FC9-48D8-AC04-3A643FFD9887} = {BD7FA176-A759-42F5-A31F-AA5443CCE911}
		{F6D0D1F2-6035-424A-AD1D-45A7A99B4F0C} = {835D4F72-68C5-47AD-9EB4-3CD58F19EB44}
	EndGlobalSection
	GlobalSection(ExtensibilityGlobals) = postSolution
		SolutionGuid = {14778ACD-09FC-4D71-857C-B9899E3D38FE}
	EndGlobalSection
EndGlobal
